Microsoft Visual Studio Solution File, Format Version 12.00
# Visual Studio 15
VisualStudioVersion = 15.0.26430.6
MinimumVisualStudioVersion = 10.0.40219.1
Project("{FAE04EC0-301F-11D3-BF4B-00C04F79EFBC}") = "coins", "coins\coins.csproj", "{7410C54D-0F58-405E-B630-0C7036BF5B9E}"
EndProject
Project("{FAE04EC0-301F-11D3-BF4B-00C04F79EFBC}") = "coins.iOS", "iOS\coins.iOS.csproj", "{4256C981-F2F6-4848-A639-269F5DA695CA}"
EndProject
Project("{FAE04EC0-301F-11D3-BF4B-00C04F79EFBC}") = "coins.Droid", "Droid\coins.Droid.csproj", "{77CD6511-D07D-47F9-9850-4B1A28CB8E5B}"
EndProject
Global
	GlobalSection(SolutionConfigurationPlatforms) = preSolution
		Debug|Any CPU = Debug|Any CPU
		Debug|iPhone = Debug|iPhone
		Debug|iPhoneSimulator = Debug|iPhoneSimulator
		Release|Any CPU = Release|Any CPU
		Release|iPhone = Release|iPhone
		Release|iPhoneSimulator = Release|iPhoneSimulator
	EndGlobalSection
	GlobalSection(ProjectConfigurationPlatforms) = postSolution
		{7410C54D-0F58-405E-B630-0C7036BF5B9E}.Debug|Any CPU.ActiveCfg = Debug|Any CPU
		{7410C54D-0F58-405E-B630-0C7036BF5B9E}.Debug|Any CPU.Build.0 = Debug|Any CPU
		{7410C54D-0F58-405E-B630-0C7036BF5B9E}.Debug|iPhone.ActiveCfg = Debug|Any CPU
		{7410C54D-0F58-405E-B630-0C7036BF5B9E}.Debug|iPhone.Build.0 = Debug|Any CPU
		{7410C54D-0F58-405E-B630-0C7036BF5B9E}.Debug|iPhoneSimulator.ActiveCfg = Debug|Any CPU
		{7410C54D-0F58-405E-B630-0C7036BF5B9E}.Debug|iPhoneSimulator.Build.0 = Debug|Any CPU
		{7410C54D-0F58-405E-B630-0C7036BF5B9E}.Release|Any CPU.ActiveCfg = Release|Any CPU
		{7410C54D-0F58-405E-B630-0C7036BF5B9E}.Release|Any CPU.Build.0 = Release|Any CPU
		{7410C54D-0F58-405E-B630-0C7036BF5B9E}.Release|iPhone.ActiveCfg = Release|Any CPU
		{7410C54D-0F58-405E-B630-0C7036BF5B9E}.Release|iPhone.Build.0 = Release|Any CPU
		{7410C54D-0F58-405E-B630-0C7036BF5B9E}.Release|iPhoneSimulator.ActiveCfg = Release|Any CPU
		{7410C54D-0F58-405E-B630-0C7036BF5B9E}.Release|iPhoneSimulator.Build.0 = Release|Any CPU
		{4256C981-F2F6-4848-A639-269F5DA695CA}.Debug|Any CPU.ActiveCfg = Debug|iPhoneSimulator
		{4256C981-F2F6-4848-A639-269F5DA695CA}.Debug|Any CPU.Build.0 = Debug|iPhoneSimulator
		{4256C981-F2F6-4848-A639-269F5DA695CA}.Debug|iPhone.ActiveCfg = Debug|iPhone
		{4256C981-F2F6-4848-A639-269F5DA695CA}.Debug|iPhone.Build.0 = Debug|iPhone
		{4256C981-F2F6-4848-A639-269F5DA695CA}.Debug|iPhoneSimulator.ActiveCfg = Debug|iPhoneSimulator
		{4256C981-F2F6-4848-A639-269F5DA695CA}.Debug|iPhoneSimulator.Build.0 = Debug|iPhoneSimulator
		{4256C981-F2F6-4848-A639-269F5DA695CA}.Release|Any CPU.ActiveCfg = Release|iPhone
		{4256C981-F2F6-4848-A639-269F5DA695CA}.Release|Any CPU.Build.0 = Release|iPhone
		{4256C981-F2F6-4848-A639-269F5DA695CA}.Release|iPhone.ActiveCfg = Release|iPhone
		{4256C981-F2F6-4848-A639-269F5DA695CA}.Release|iPhone.Build.0 = Release|iPhone
		{4256C981-F2F6-4848-A639-269F5DA695CA}.Release|iPhoneSimulator.ActiveCfg = Release|iPhoneSimulator
		{4256C981-F2F6-4848-A639-269F5DA695CA}.Release|iPhoneSimulator.Build.0 = Release|iPhoneSimulator
		{77CD6511-D07D-47F9-9850-4B1A28CB8E5B}.Debug|Any CPU.ActiveCfg = Debug|Any CPU
		{77CD6511-D07D-47F9-9850-4B1A28CB8E5B}.Debug|Any CPU.Build.0 = Debug|Any CPU
		{77CD6511-D07D-47F9-9850-4B1A28CB8E5B}.Debug|Any CPU.Deploy.0 = Debug|Any CPU
		{77CD6511-D07D-47F9-9850-4B1A28CB8E5B}.Debug|iPhone.ActiveCfg = Debug|Any CPU
		{77CD6511-D07D-47F9-9850-4B1A28CB8E5B}.Debug|iPhone.Build.0 = Debug|Any CPU
		{77CD6511-D07D-47F9-9850-4B1A28CB8E5B}.Debug|iPhoneSimulator.ActiveCfg = Debug|Any CPU
		{77CD6511-D07D-47F9-9850-4B1A28CB8E5B}.Debug|iPhoneSimulator.Build.0 = Debug|Any CPU
		{77CD6511-D07D-47F9-9850-4B1A28CB8E5B}.Release|Any CPU.ActiveCfg = Release|Any CPU
		{77CD6511-D07D-47F9-9850-4B1A28CB8E5B}.Release|Any CPU.Build.0 = Release|Any CPU
		{77CD6511-D07D-47F9-9850-4B1A28CB8E5B}.Release|iPhone.ActiveCfg = Release|Any CPU
		{77CD6511-D07D-47F9-9850-4B1A28CB8E5B}.Release|iPhone.Build.0 = Release|Any CPU
		{77CD6511-D07D-47F9-9850-4B1A28CB8E5B}.Release|iPhoneSimulator.ActiveCfg = Release|Any CPU
		{77CD6511-D07D-47F9-9850-4B1A28CB8E5B}.Release|iPhoneSimulator.Build.0 = Release|Any CPU
	EndGlobalSection
	GlobalSection(SolutionProperties) = preSolution
		HideSolutionNode = FALSE
	EndGlobalSection
EndGlobal
